
Microsoft Visual Studio Solution File, Format Version 12.00
# Visual Studio 15
VisualStudioVersion = 15.0.26124.0
MinimumVisualStudioVersion = 15.0.26124.0
Project("{2150E333-8FDC-42A3-9474-1A3956D46DE8}") = "src", "src", "{4F890113-47F4-45BB-BD0A-1C4400D965A0}"
EndProject
Project("{2150E333-8FDC-42A3-9474-1A3956D46DE8}") = "services", "services", "{36FEB629-A366-44B2-AA1E-11C3B9F70408}"
EndProject
Project("{2150E333-8FDC-42A3-9474-1A3956D46DE8}") = "Article", "Article", "{0B1F5269-A0B0-4DD4-B942-C9531FA95373}"
EndProject
Project("{9A19103F-16F7-4668-BE54-9A1E7A4F7556}") = "Article.Api", "src\services\Article\Article.Api\Article.Api.csproj", "{11266D5C-5B9F-4591-A1B7-E47F28395512}"
EndProject
Project("{2150E333-8FDC-42A3-9474-1A3956D46DE8}") = "Solution Items", "Solution Items", "{4841CF2B-8F84-457D-A6B8-D1029344C242}"
	ProjectSection(SolutionItems) = preProject
		docker-compose.yml = docker-compose.yml
	EndProjectSection
EndProject
Project("{2150E333-8FDC-42A3-9474-1A3956D46DE8}") = "Web Apps", "Web Apps", "{83247EAD-DA45-4B96-9538-0488DA72A62E}"
EndProject
Project("{2150E333-8FDC-42A3-9474-1A3956D46DE8}") = "BuildingBlocks", "BuildingBlocks", "{FD69B32A-14D1-4206-9286-F1135BECB5D3}"
EndProject
Project("{2150E333-8FDC-42A3-9474-1A3956D46DE8}") = "HealthChecks", "HealthChecks", "{72CB418D-57F7-4CAA-8DC6-27805E9E4BC5}"
EndProject
Project("{9A19103F-16F7-4668-BE54-9A1E7A4F7556}") = "Microsoft.AspNetCore.HealthChecks", "src\BuildingBlocks\HealthChecks\Microsoft.AspNetCore.HealthChecks\Microsoft.AspNetCore.HealthChecks.csproj", "{CA5FF9B1-781E-44E8-937C-851E75D1A620}"
EndProject
Project("{9A19103F-16F7-4668-BE54-9A1E7A4F7556}") = "Microsoft.Extensions.HealthChecks", "src\BuildingBlocks\HealthChecks\Microsoft.Extensions.HealthChecks\Microsoft.Extensions.HealthChecks.csproj", "{EC8C0764-7B1E-483E-8227-61E1EEC33553}"
EndProject
Project("{9A19103F-16F7-4668-BE54-9A1E7A4F7556}") = "WebSupervisor", "src\web\WebSupervisor\WebSupervisor.csproj", "{2CF9DDAD-08F7-4728-B4D2-B596420E4F6C}"
EndProject
Project("{2150E333-8FDC-42A3-9474-1A3956D46DE8}") = "Temp", "Temp", "{699ADCB9-C9D2-4B6F-B68E-A5248BD63FBF}"
EndProject
Project("{2150E333-8FDC-42A3-9474-1A3956D46DE8}") = "testef", "testef", "{AD27AB9C-2957-417E-AD65-F1A619075CE4}"
EndProject
Project("{FAE04EC0-301F-11D3-BF4B-00C04F79EFBC}") = "EFCoreTest", "src\Temp\testef\EFCoreTest\EFCoreTest.csproj", "{2658FB8C-CDA8-4A15-B9F8-282640529B76}"
EndProject
Project("{2150E333-8FDC-42A3-9474-1A3956D46DE8}") = "testbus", "testbus", "{C75E4E35-B78F-4D77-9CA0-FF3F80D9DAE6}"
EndProject
Project("{FAE04EC0-301F-11D3-BF4B-00C04F79EFBC}") = "BusTest", "src\Temp\testbus\BusTest\BusTest.csproj", "{849AE601-F836-4E4A-9AB5-604D5A94166A}"
EndProject
Project("{2150E333-8FDC-42A3-9474-1A3956D46DE8}") = "EventBus", "EventBus", "{D658F9F4-1558-4469-919E-3BD16E031DB9}"
EndProject
Project("{FAE04EC0-301F-11D3-BF4B-00C04F79EFBC}") = "EventBusRabbitMQ", "src\BuildingBlocks\EventBus\EventBusRabbitMQ\EventBusRabbitMQ.csproj", "{B93C23E8-97A3-453E-86DA-56EC20152C71}"
	ProjectSection(ProjectDependencies) = postProject
		{240ECA1B-7108-4D7C-AA76-BA7205111DC4} = {240ECA1B-7108-4D7C-AA76-BA7205111DC4}
	EndProjectSection
EndProject
Project("{FAE04EC0-301F-11D3-BF4B-00C04F79EFBC}") = "EventsBus", "src\BuildingBlocks\EventBus\EventsBus\EventsBus.csproj", "{240ECA1B-7108-4D7C-AA76-BA7205111DC4}"
EndProject
Project("{FAE04EC0-301F-11D3-BF4B-00C04F79EFBC}") = "BusTestConsole", "src\Temp\testbus\BusTestConsole\BusTestConsole.csproj", "{D286DF7F-CAF6-49F4-B8FC-307E674B56E0}"
EndProject
Global
	GlobalSection(SolutionConfigurationPlatforms) = preSolution
		Debug|Any CPU = Debug|Any CPU
		Release|Any CPU = Release|Any CPU
	EndGlobalSection
	GlobalSection(ProjectConfigurationPlatforms) = postSolution
		{11266D5C-5B9F-4591-A1B7-E47F28395512}.Debug|Any CPU.ActiveCfg = Debug|Any CPU
		{11266D5C-5B9F-4591-A1B7-E47F28395512}.Debug|Any CPU.Build.0 = Debug|Any CPU
		{11266D5C-5B9F-4591-A1B7-E47F28395512}.Release|Any CPU.ActiveCfg = Release|Any CPU
		{11266D5C-5B9F-4591-A1B7-E47F28395512}.Release|Any CPU.Build.0 = Release|Any CPU
		{CA5FF9B1-781E-44E8-937C-851E75D1A620}.Debug|Any CPU.ActiveCfg = Debug|Any CPU
		{CA5FF9B1-781E-44E8-937C-851E75D1A620}.Debug|Any CPU.Build.0 = Debug|Any CPU
		{CA5FF9B1-781E-44E8-937C-851E75D1A620}.Release|Any CPU.ActiveCfg = Release|Any CPU
		{CA5FF9B1-781E-44E8-937C-851E75D1A620}.Release|Any CPU.Build.0 = Release|Any CPU
		{EC8C0764-7B1E-483E-8227-61E1EEC33553}.Debug|Any CPU.ActiveCfg = Debug|Any CPU
		{EC8C0764-7B1E-483E-8227-61E1EEC33553}.Debug|Any CPU.Build.0 = Debug|Any CPU
		{EC8C0764-7B1E-483E-8227-61E1EEC33553}.Release|Any CPU.ActiveCfg = Release|Any CPU
		{EC8C0764-7B1E-483E-8227-61E1EEC33553}.Release|Any CPU.Build.0 = Release|Any CPU
		{2CF9DDAD-08F7-4728-B4D2-B596420E4F6C}.Debug|Any CPU.ActiveCfg = Debug|Any CPU
		{2CF9DDAD-08F7-4728-B4D2-B596420E4F6C}.Debug|Any CPU.Build.0 = Debug|Any CPU
		{2CF9DDAD-08F7-4728-B4D2-B596420E4F6C}.Release|Any CPU.ActiveCfg = Release|Any CPU
		{2CF9DDAD-08F7-4728-B4D2-B596420E4F6C}.Release|Any CPU.Build.0 = Release|Any CPU
		{2658FB8C-CDA8-4A15-B9F8-282640529B76}.Debug|Any CPU.ActiveCfg = Debug|Any CPU
		{2658FB8C-CDA8-4A15-B9F8-282640529B76}.Debug|Any CPU.Build.0 = Debug|Any CPU
		{2658FB8C-CDA8-4A15-B9F8-282640529B76}.Release|Any CPU.ActiveCfg = Release|Any CPU
		{2658FB8C-CDA8-4A15-B9F8-282640529B76}.Release|Any CPU.Build.0 = Release|Any CPU
		{849AE601-F836-4E4A-9AB5-604D5A94166A}.Debug|Any CPU.ActiveCfg = Debug|Any CPU
		{849AE601-F836-4E4A-9AB5-604D5A94166A}.Debug|Any CPU.Build.0 = Debug|Any CPU
		{849AE601-F836-4E4A-9AB5-604D5A94166A}.Release|Any CPU.ActiveCfg = Release|Any CPU
		{849AE601-F836-4E4A-9AB5-604D5A94166A}.Release|Any CPU.Build.0 = Release|Any CPU
		{B93C23E8-97A3-453E-86DA-56EC20152C71}.Debug|Any CPU.ActiveCfg = Debug|Any CPU
		{B93C23E8-97A3-453E-86DA-56EC20152C71}.Debug|Any CPU.Build.0 = Debug|Any CPU
		{B93C23E8-97A3-453E-86DA-56EC20152C71}.Release|Any CPU.ActiveCfg = Release|Any CPU
		{B93C23E8-97A3-453E-86DA-56EC20152C71}.Release|Any CPU.Build.0 = Release|Any CPU
		{240ECA1B-7108-4D7C-AA76-BA7205111DC4}.Debug|Any CPU.ActiveCfg = Debug|Any CPU
		{240ECA1B-7108-4D7C-AA76-BA7205111DC4}.Debug|Any CPU.Build.0 = Debug|Any CPU
		{240ECA1B-7108-4D7C-AA76-BA7205111DC4}.Release|Any CPU.ActiveCfg = Release|Any CPU
		{240ECA1B-7108-4D7C-AA76-BA7205111DC4}.Release|Any CPU.Build.0 = Release|Any CPU
		{D286DF7F-CAF6-49F4-B8FC-307E674B56E0}.Debug|Any CPU.ActiveCfg = Debug|Any CPU
		{D286DF7F-CAF6-49F4-B8FC-307E674B56E0}.Debug|Any CPU.Build.0 = Debug|Any CPU
		{D286DF7F-CAF6-49F4-B8FC-307E674B56E0}.Release|Any CPU.ActiveCfg = Release|Any CPU
		{D286DF7F-CAF6-49F4-B8FC-307E674B56E0}.Release|Any CPU.Build.0 = Release|Any CPU
	EndGlobalSection
	GlobalSection(SolutionProperties) = preSolution
		HideSolutionNode = FALSE
	EndGlobalSection
	GlobalSection(NestedProjects) = preSolution
		{36FEB629-A366-44B2-AA1E-11C3B9F70408} = {4F890113-47F4-45BB-BD0A-1C4400D965A0}
		{0B1F5269-A0B0-4DD4-B942-C9531FA95373} = {36FEB629-A366-44B2-AA1E-11C3B9F70408}
		{11266D5C-5B9F-4591-A1B7-E47F28395512} = {0B1F5269-A0B0-4DD4-B942-C9531FA95373}
		{83247EAD-DA45-4B96-9538-0488DA72A62E} = {4F890113-47F4-45BB-BD0A-1C4400D965A0}
		{FD69B32A-14D1-4206-9286-F1135BECB5D3} = {4F890113-47F4-45BB-BD0A-1C4400D965A0}
		{72CB418D-57F7-4CAA-8DC6-27805E9E4BC5} = {FD69B32A-14D1-4206-9286-F1135BECB5D3}
		{CA5FF9B1-781E-44E8-937C-851E75D1A620} = {72CB418D-57F7-4CAA-8DC6-27805E9E4BC5}
		{EC8C0764-7B1E-483E-8227-61E1EEC33553} = {72CB418D-57F7-4CAA-8DC6-27805E9E4BC5}
		{2CF9DDAD-08F7-4728-B4D2-B596420E4F6C} = {83247EAD-DA45-4B96-9538-0488DA72A62E}
		{699ADCB9-C9D2-4B6F-B68E-A5248BD63FBF} = {4F890113-47F4-45BB-BD0A-1C4400D965A0}
		{AD27AB9C-2957-417E-AD65-F1A619075CE4} = {699ADCB9-C9D2-4B6F-B68E-A5248BD63FBF}
		{2658FB8C-CDA8-4A15-B9F8-282640529B76} = {AD27AB9C-2957-417E-AD65-F1A619075CE4}
		{C75E4E35-B78F-4D77-9CA0-FF3F80D9DAE6} = {699ADCB9-C9D2-4B6F-B68E-A5248BD63FBF}
		{849AE601-F836-4E4A-9AB5-604D5A94166A} = {C75E4E35-B78F-4D77-9CA0-FF3F80D9DAE6}
		{D658F9F4-1558-4469-919E-3BD16E031DB9} = {FD69B32A-14D1-4206-9286-F1135BECB5D3}
		{B93C23E8-97A3-453E-86DA-56EC20152C71} = {D658F9F4-1558-4469-919E-3BD16E031DB9}
		{240ECA1B-7108-4D7C-AA76-BA7205111DC4} = {D658F9F4-1558-4469-919E-3BD16E031DB9}
		{D286DF7F-CAF6-49F4-B8FC-307E674B56E0} = {C75E4E35-B78F-4D77-9CA0-FF3F80D9DAE6}
	EndGlobalSection
	GlobalSection(ExtensibilityGlobals) = postSolution
		SolutionGuid = {91170C71-1FDD-4C77-8230-8726B6DFEDD5}
	EndGlobalSection
EndGlobal
