
Microsoft Visual Studio Solution File, Format Version 12.00
# Visual Studio 15
VisualStudioVersion = 15.0.26124.0
MinimumVisualStudioVersion = 15.0.26124.0
Project("{2150E333-8FDC-42A3-9474-1A3956D46DE8}") = "src", "src", "{4F890113-47F4-45BB-BD0A-1C4400D965A0}"
EndProject
Project("{2150E333-8FDC-42A3-9474-1A3956D46DE8}") = "Solution Items", "Solution Items", "{4841CF2B-8F84-457D-A6B8-D1029344C242}"
	ProjectSection(SolutionItems) = preProject
		request.txt = request.txt
	EndProjectSection
EndProject
Project("{2150E333-8FDC-42A3-9474-1A3956D46DE8}") = "Web Apps", "Web Apps", "{83247EAD-DA45-4B96-9538-0488DA72A62E}"
EndProject
Project("{2150E333-8FDC-42A3-9474-1A3956D46DE8}") = "Temp", "Temp", "{699ADCB9-C9D2-4B6F-B68E-A5248BD63FBF}"
EndProject
Project("{2150E333-8FDC-42A3-9474-1A3956D46DE8}") = "testef", "testef", "{AD27AB9C-2957-417E-AD65-F1A619075CE4}"
EndProject
Project("{9A19103F-16F7-4668-BE54-9A1E7A4F7556}") = "EFCoreTest", "src\Temp\testef\EFCoreTest\EFCoreTest.csproj", "{2658FB8C-CDA8-4A15-B9F8-282640529B76}"
EndProject
Project("{9A19103F-16F7-4668-BE54-9A1E7A4F7556}") = "ePing", "src\web\ping\ePing\ePing.csproj", "{3D4F7933-EC31-49E7-980A-8100593B73D6}"
EndProject
Project("{9A19103F-16F7-4668-BE54-9A1E7A4F7556}") = "Ping.Api", "src\services\Ping\Ping.Api\Ping.Api.csproj", "{28C21DDF-B3A0-444B-A4ED-6CF43467B6AE}"
EndProject
Project("{9A19103F-16F7-4668-BE54-9A1E7A4F7556}") = "ePing.Api", "src\services\Ping\ePing.Api\ePing.Api.csproj", "{DBFC4BEF-27C0-456D-9CE0-161BAA34D972}"
EndProject
Project("{2150E333-8FDC-42A3-9474-1A3956D46DE8}") = "services", "services", "{623DEA39-3E44-45E8-BD1A-A02B89D7634D}"
EndProject
Project("{2150E333-8FDC-42A3-9474-1A3956D46DE8}") = "ping", "ping", "{71E808D6-A8CF-4EB1-8EA3-A3B5303EE469}"
EndProject
Project("{2150E333-8FDC-42A3-9474-1A3956D46DE8}") = "Identity", "Identity", "{B7E97E73-C1E2-49AA-904A-2B6801038AD3}"
EndProject
Project("{9A19103F-16F7-4668-BE54-9A1E7A4F7556}") = "Auth.Api", "src\services\Identity\Auth.Api\Auth.Api.csproj", "{DF1539E0-41A6-4947-A6D9-13880916285F}"
EndProject
Project("{9A19103F-16F7-4668-BE54-9A1E7A4F7556}") = "PingPointsTest", "PingPointsTest\PingPointsTest.csproj", "{2A191AA6-4000-4262-BE99-55000395EF5E}"
EndProject
Project("{2150E333-8FDC-42A3-9474-1A3956D46DE8}") = "utility", "utility", "{BC381C4D-96E3-4F97-A9EC-151E6C4AA033}"
EndProject
Project("{FAE04EC0-301F-11D3-BF4B-00C04F79EFBC}") = "Validation", "src\utility\Validation\Validation.csproj", "{329B8FB7-A747-4020-A84A-67EA30BD9E17}"
EndProject
Project("{FAE04EC0-301F-11D3-BF4B-00C04F79EFBC}") = "ValidationTest", "src\utility\ValidationTest\ValidationTest.csproj", "{C2C81670-C533-432C-8981-365FA16F5CCF}"
EndProject
Global
	GlobalSection(SolutionConfigurationPlatforms) = preSolution
		Debug|Any CPU = Debug|Any CPU
		Release|Any CPU = Release|Any CPU
	EndGlobalSection
	GlobalSection(ProjectConfigurationPlatforms) = postSolution
		{2658FB8C-CDA8-4A15-B9F8-282640529B76}.Debug|Any CPU.ActiveCfg = Debug|Any CPU
		{2658FB8C-CDA8-4A15-B9F8-282640529B76}.Debug|Any CPU.Build.0 = Debug|Any CPU
		{2658FB8C-CDA8-4A15-B9F8-282640529B76}.Release|Any CPU.ActiveCfg = Release|Any CPU
		{2658FB8C-CDA8-4A15-B9F8-282640529B76}.Release|Any CPU.Build.0 = Release|Any CPU
		{3D4F7933-EC31-49E7-980A-8100593B73D6}.Debug|Any CPU.ActiveCfg = Debug|Any CPU
		{3D4F7933-EC31-49E7-980A-8100593B73D6}.Debug|Any CPU.Build.0 = Debug|Any CPU
		{3D4F7933-EC31-49E7-980A-8100593B73D6}.Release|Any CPU.ActiveCfg = Release|Any CPU
		{3D4F7933-EC31-49E7-980A-8100593B73D6}.Release|Any CPU.Build.0 = Release|Any CPU
		{28C21DDF-B3A0-444B-A4ED-6CF43467B6AE}.Debug|Any CPU.ActiveCfg = Debug|Any CPU
		{28C21DDF-B3A0-444B-A4ED-6CF43467B6AE}.Debug|Any CPU.Build.0 = Debug|Any CPU
		{28C21DDF-B3A0-444B-A4ED-6CF43467B6AE}.Release|Any CPU.ActiveCfg = Release|Any CPU
		{28C21DDF-B3A0-444B-A4ED-6CF43467B6AE}.Release|Any CPU.Build.0 = Release|Any CPU
		{DBFC4BEF-27C0-456D-9CE0-161BAA34D972}.Debug|Any CPU.ActiveCfg = Debug|Any CPU
		{DBFC4BEF-27C0-456D-9CE0-161BAA34D972}.Debug|Any CPU.Build.0 = Debug|Any CPU
		{DBFC4BEF-27C0-456D-9CE0-161BAA34D972}.Release|Any CPU.ActiveCfg = Release|Any CPU
		{DBFC4BEF-27C0-456D-9CE0-161BAA34D972}.Release|Any CPU.Build.0 = Release|Any CPU
		{DF1539E0-41A6-4947-A6D9-13880916285F}.Debug|Any CPU.ActiveCfg = Debug|Any CPU
		{DF1539E0-41A6-4947-A6D9-13880916285F}.Debug|Any CPU.Build.0 = Debug|Any CPU
		{DF1539E0-41A6-4947-A6D9-13880916285F}.Release|Any CPU.ActiveCfg = Release|Any CPU
		{DF1539E0-41A6-4947-A6D9-13880916285F}.Release|Any CPU.Build.0 = Release|Any CPU
		{2A191AA6-4000-4262-BE99-55000395EF5E}.Debug|Any CPU.ActiveCfg = Debug|Any CPU
		{2A191AA6-4000-4262-BE99-55000395EF5E}.Debug|Any CPU.Build.0 = Debug|Any CPU
		{2A191AA6-4000-4262-BE99-55000395EF5E}.Release|Any CPU.ActiveCfg = Release|Any CPU
		{2A191AA6-4000-4262-BE99-55000395EF5E}.Release|Any CPU.Build.0 = Release|Any CPU
		{329B8FB7-A747-4020-A84A-67EA30BD9E17}.Debug|Any CPU.ActiveCfg = Debug|Any CPU
		{329B8FB7-A747-4020-A84A-67EA30BD9E17}.Debug|Any CPU.Build.0 = Debug|Any CPU
		{329B8FB7-A747-4020-A84A-67EA30BD9E17}.Release|Any CPU.ActiveCfg = Release|Any CPU
		{329B8FB7-A747-4020-A84A-67EA30BD9E17}.Release|Any CPU.Build.0 = Release|Any CPU
		{C2C81670-C533-432C-8981-365FA16F5CCF}.Debug|Any CPU.ActiveCfg = Debug|Any CPU
		{C2C81670-C533-432C-8981-365FA16F5CCF}.Debug|Any CPU.Build.0 = Debug|Any CPU
		{C2C81670-C533-432C-8981-365FA16F5CCF}.Release|Any CPU.ActiveCfg = Release|Any CPU
		{C2C81670-C533-432C-8981-365FA16F5CCF}.Release|Any CPU.Build.0 = Release|Any CPU
	EndGlobalSection
	GlobalSection(SolutionProperties) = preSolution
		HideSolutionNode = FALSE
	EndGlobalSection
	GlobalSection(NestedProjects) = preSolution
		{83247EAD-DA45-4B96-9538-0488DA72A62E} = {4F890113-47F4-45BB-BD0A-1C4400D965A0}
		{699ADCB9-C9D2-4B6F-B68E-A5248BD63FBF} = {4F890113-47F4-45BB-BD0A-1C4400D965A0}
		{AD27AB9C-2957-417E-AD65-F1A619075CE4} = {699ADCB9-C9D2-4B6F-B68E-A5248BD63FBF}
		{2658FB8C-CDA8-4A15-B9F8-282640529B76} = {AD27AB9C-2957-417E-AD65-F1A619075CE4}
		{3D4F7933-EC31-49E7-980A-8100593B73D6} = {83247EAD-DA45-4B96-9538-0488DA72A62E}
		{28C21DDF-B3A0-444B-A4ED-6CF43467B6AE} = {71E808D6-A8CF-4EB1-8EA3-A3B5303EE469}
		{DBFC4BEF-27C0-456D-9CE0-161BAA34D972} = {71E808D6-A8CF-4EB1-8EA3-A3B5303EE469}
		{623DEA39-3E44-45E8-BD1A-A02B89D7634D} = {4F890113-47F4-45BB-BD0A-1C4400D965A0}
		{71E808D6-A8CF-4EB1-8EA3-A3B5303EE469} = {623DEA39-3E44-45E8-BD1A-A02B89D7634D}
		{B7E97E73-C1E2-49AA-904A-2B6801038AD3} = {623DEA39-3E44-45E8-BD1A-A02B89D7634D}
		{DF1539E0-41A6-4947-A6D9-13880916285F} = {B7E97E73-C1E2-49AA-904A-2B6801038AD3}
		{2A191AA6-4000-4262-BE99-55000395EF5E} = {699ADCB9-C9D2-4B6F-B68E-A5248BD63FBF}
		{BC381C4D-96E3-4F97-A9EC-151E6C4AA033} = {4F890113-47F4-45BB-BD0A-1C4400D965A0}
		{329B8FB7-A747-4020-A84A-67EA30BD9E17} = {BC381C4D-96E3-4F97-A9EC-151E6C4AA033}
		{C2C81670-C533-432C-8981-365FA16F5CCF} = {BC381C4D-96E3-4F97-A9EC-151E6C4AA033}
	EndGlobalSection
	GlobalSection(ExtensibilityGlobals) = postSolution
		SolutionGuid = {91170C71-1FDD-4C77-8230-8726B6DFEDD5}
	EndGlobalSection
EndGlobal
